
Microsoft Visual Studio Solution File, Format Version 12.00
# Visual Studio 15
VisualStudioVersion = 15.0.27703.2000
MinimumVisualStudioVersion = 10.0.40219.1
Project("{FAE04EC0-301F-11D3-BF4B-00C04F79EFBC}") = "Problem01", "Problem01\Problem01.csproj", "{0D9885CB-E1C9-42D9-9F05-4E756D589141}"
EndProject
Project("{FAE04EC0-301F-11D3-BF4B-00C04F79EFBC}") = "Problem02", "Problem02\Problem02.csproj", "{80EEEA5C-4D11-41FA-ADC2-B8AA0597ED2A}"
EndProject
Project("{FAE04EC0-301F-11D3-BF4B-00C04F79EFBC}") = "Problem03", "Problem03\Problem03.csproj", "{590BA5C5-649F-447F-87C6-596B7693BF0F}"
EndProject
Project("{FAE04EC0-301F-11D3-BF4B-00C04F79EFBC}") = "Problem04", "Problem04\Problem04.csproj", "{3B329DEB-EA54-4B9D-BA17-A2703AA57B65}"
EndProject
Project("{FAE04EC0-301F-11D3-BF4B-00C04F79EFBC}") = "Problem05", "Problem05\Problem05.csproj", "{C6B9437E-E5FA-4B33-AAAB-2023FA1A4130}"
EndProject
Project("{FAE04EC0-301F-11D3-BF4B-00C04F79EFBC}") = "Problem06", "Problem06\Problem06.csproj", "{237B495C-00B0-426B-8FEA-652B193EF699}"
EndProject
Project("{FAE04EC0-301F-11D3-BF4B-00C04F79EFBC}") = "Problem07", "Problem07\Problem07.csproj", "{55F15209-C91C-4778-BC33-907F0CD6F4FB}"
EndProject
Project("{FAE04EC0-301F-11D3-BF4B-00C04F79EFBC}") = "Problem08", "Problem08\Problem08.csproj", "{11CCE285-D5C4-472B-9430-6FC18EBBA61D}"
EndProject
Project("{FAE04EC0-301F-11D3-BF4B-00C04F79EFBC}") = "Problem09", "Problem09\Problem09.csproj", "{5A2BCCFA-4F74-4D86-B91F-7AA229F4A2A2}"
EndProject
Project("{FAE04EC0-301F-11D3-BF4B-00C04F79EFBC}") = "Problem10", "Problem10\Problem10.csproj", "{6C46418A-21C9-48B4-A1A5-D2B5741DC9DD}"
EndProject
Project("{FAE04EC0-301F-11D3-BF4B-00C04F79EFBC}") = "Problem11", "Problem11\Problem11.csproj", "{C9EF1D50-76D8-440C-B6F5-9A04BF569F6B}"
EndProject
Project("{FAE04EC0-301F-11D3-BF4B-00C04F79EFBC}") = "Problem12", "Problem12\Problem12.csproj", "{496B3B52-B318-4132-891F-F898D5C77ED5}"
EndProject
Project("{FAE04EC0-301F-11D3-BF4B-00C04F79EFBC}") = "Problem13", "Problem13\Problem13.csproj", "{5732082E-F9AE-446C-A2C9-E6332B2C6EA0}"
EndProject
Project("{FAE04EC0-301F-11D3-BF4B-00C04F79EFBC}") = "Problem14", "Problem14\Problem14.csproj", "{6F965CE3-EDC7-4D71-9008-003BABAE688B}"
EndProject
Project("{FAE04EC0-301F-11D3-BF4B-00C04F79EFBC}") = "Problem15", "Problem15\Problem15.csproj", "{ECD4AB98-2D74-471D-A71C-1914584B04D3}"
EndProject
Project("{FAE04EC0-301F-11D3-BF4B-00C04F79EFBC}") = "Problem16", "Problem16\Problem16.csproj", "{F1D309FF-43C2-4D81-A8AF-2CAEF5EC40BC}"
EndProject
Project("{FAE04EC0-301F-11D3-BF4B-00C04F79EFBC}") = "Problem17", "Problem17\Problem17.csproj", "{590DBA0B-2652-49F5-BA22-E5AE325C9512}"
EndProject
Project("{FAE04EC0-301F-11D3-BF4B-00C04F79EFBC}") = "Problem18", "Problem18\Problem18.csproj", "{64CA1823-28B9-4E4B-A21A-A079063D5F7D}"
EndProject
Project("{FAE04EC0-301F-11D3-BF4B-00C04F79EFBC}") = "Problem19", "Problem19\Problem19.csproj", "{034B6746-F812-4D11-B053-C6989BCF4299}"
EndProject
Global
	GlobalSection(SolutionConfigurationPlatforms) = preSolution
		Debug|Any CPU = Debug|Any CPU
		Release|Any CPU = Release|Any CPU
	EndGlobalSection
	GlobalSection(ProjectConfigurationPlatforms) = postSolution
		{0D9885CB-E1C9-42D9-9F05-4E756D589141}.Debug|Any CPU.ActiveCfg = Debug|Any CPU
		{0D9885CB-E1C9-42D9-9F05-4E756D589141}.Debug|Any CPU.Build.0 = Debug|Any CPU
		{0D9885CB-E1C9-42D9-9F05-4E756D589141}.Release|Any CPU.ActiveCfg = Release|Any CPU
		{0D9885CB-E1C9-42D9-9F05-4E756D589141}.Release|Any CPU.Build.0 = Release|Any CPU
		{80EEEA5C-4D11-41FA-ADC2-B8AA0597ED2A}.Debug|Any CPU.ActiveCfg = Debug|Any CPU
		{80EEEA5C-4D11-41FA-ADC2-B8AA0597ED2A}.Debug|Any CPU.Build.0 = Debug|Any CPU
		{80EEEA5C-4D11-41FA-ADC2-B8AA0597ED2A}.Release|Any CPU.ActiveCfg = Release|Any CPU
		{80EEEA5C-4D11-41FA-ADC2-B8AA0597ED2A}.Release|Any CPU.Build.0 = Release|Any CPU
		{590BA5C5-649F-447F-87C6-596B7693BF0F}.Debug|Any CPU.ActiveCfg = Debug|Any CPU
		{590BA5C5-649F-447F-87C6-596B7693BF0F}.Debug|Any CPU.Build.0 = Debug|Any CPU
		{590BA5C5-649F-447F-87C6-596B7693BF0F}.Release|Any CPU.ActiveCfg = Release|Any CPU
		{590BA5C5-649F-447F-87C6-596B7693BF0F}.Release|Any CPU.Build.0 = Release|Any CPU
		{3B329DEB-EA54-4B9D-BA17-A2703AA57B65}.Debug|Any CPU.ActiveCfg = Debug|Any CPU
		{3B329DEB-EA54-4B9D-BA17-A2703AA57B65}.Debug|Any CPU.Build.0 = Debug|Any CPU
		{3B329DEB-EA54-4B9D-BA17-A2703AA57B65}.Release|Any CPU.ActiveCfg = Release|Any CPU
		{3B329DEB-EA54-4B9D-BA17-A2703AA57B65}.Release|Any CPU.Build.0 = Release|Any CPU
		{C6B9437E-E5FA-4B33-AAAB-2023FA1A4130}.Debug|Any CPU.ActiveCfg = Debug|Any CPU
		{C6B9437E-E5FA-4B33-AAAB-2023FA1A4130}.Debug|Any CPU.Build.0 = Debug|Any CPU
		{C6B9437E-E5FA-4B33-AAAB-2023FA1A4130}.Release|Any CPU.ActiveCfg = Release|Any CPU
		{C6B9437E-E5FA-4B33-AAAB-2023FA1A4130}.Release|Any CPU.Build.0 = Release|Any CPU
		{237B495C-00B0-426B-8FEA-652B193EF699}.Debug|Any CPU.ActiveCfg = Debug|Any CPU
		{237B495C-00B0-426B-8FEA-652B193EF699}.Debug|Any CPU.Build.0 = Debug|Any CPU
		{237B495C-00B0-426B-8FEA-652B193EF699}.Release|Any CPU.ActiveCfg = Release|Any CPU
		{237B495C-00B0-426B-8FEA-652B193EF699}.Release|Any CPU.Build.0 = Release|Any CPU
		{55F15209-C91C-4778-BC33-907F0CD6F4FB}.Debug|Any CPU.ActiveCfg = Debug|Any CPU
		{55F15209-C91C-4778-BC33-907F0CD6F4FB}.Debug|Any CPU.Build.0 = Debug|Any CPU
		{55F15209-C91C-4778-BC33-907F0CD6F4FB}.Release|Any CPU.ActiveCfg = Release|Any CPU
		{55F15209-C91C-4778-BC33-907F0CD6F4FB}.Release|Any CPU.Build.0 = Release|Any CPU
		{11CCE285-D5C4-472B-9430-6FC18EBBA61D}.Debug|Any CPU.ActiveCfg = Debug|Any CPU
		{11CCE285-D5C4-472B-9430-6FC18EBBA61D}.Debug|Any CPU.Build.0 = Debug|Any CPU
		{11CCE285-D5C4-472B-9430-6FC18EBBA61D}.Release|Any CPU.ActiveCfg = Release|Any CPU
		{11CCE285-D5C4-472B-9430-6FC18EBBA61D}.Release|Any CPU.Build.0 = Release|Any CPU
		{5A2BCCFA-4F74-4D86-B91F-7AA229F4A2A2}.Debug|Any CPU.ActiveCfg = Debug|Any CPU
		{5A2BCCFA-4F74-4D86-B91F-7AA229F4A2A2}.Debug|Any CPU.Build.0 = Debug|Any CPU
		{5A2BCCFA-4F74-4D86-B91F-7AA229F4A2A2}.Release|Any CPU.ActiveCfg = Release|Any CPU
		{5A2BCCFA-4F74-4D86-B91F-7AA229F4A2A2}.Release|Any CPU.Build.0 = Release|Any CPU
		{6C46418A-21C9-48B4-A1A5-D2B5741DC9DD}.Debug|Any CPU.ActiveCfg = Debug|Any CPU
		{6C46418A-21C9-48B4-A1A5-D2B5741DC9DD}.Debug|Any CPU.Build.0 = Debug|Any CPU
		{6C46418A-21C9-48B4-A1A5-D2B5741DC9DD}.Release|Any CPU.ActiveCfg = Release|Any CPU
		{6C46418A-21C9-48B4-A1A5-D2B5741DC9DD}.Release|Any CPU.Build.0 = Release|Any CPU
		{C9EF1D50-76D8-440C-B6F5-9A04BF569F6B}.Debug|Any CPU.ActiveCfg = Debug|Any CPU
		{C9EF1D50-76D8-440C-B6F5-9A04BF569F6B}.Debug|Any CPU.Build.0 = Debug|Any CPU
		{C9EF1D50-76D8-440C-B6F5-9A04BF569F6B}.Release|Any CPU.ActiveCfg = Release|Any CPU
		{C9EF1D50-76D8-440C-B6F5-9A04BF569F6B}.Release|Any CPU.Build.0 = Release|Any CPU
		{496B3B52-B318-4132-891F-F898D5C77ED5}.Debug|Any CPU.ActiveCfg = Debug|Any CPU
		{496B3B52-B318-4132-891F-F898D5C77ED5}.Debug|Any CPU.Build.0 = Debug|Any CPU
		{496B3B52-B318-4132-891F-F898D5C77ED5}.Release|Any CPU.ActiveCfg = Release|Any CPU
		{496B3B52-B318-4132-891F-F898D5C77ED5}.Release|Any CPU.Build.0 = Release|Any CPU
		{5732082E-F9AE-446C-A2C9-E6332B2C6EA0}.Debug|Any CPU.ActiveCfg = Debug|Any CPU
		{5732082E-F9AE-446C-A2C9-E6332B2C6EA0}.Debug|Any CPU.Build.0 = Debug|Any CPU
		{5732082E-F9AE-446C-A2C9-E6332B2C6EA0}.Release|Any CPU.ActiveCfg = Release|Any CPU
		{5732082E-F9AE-446C-A2C9-E6332B2C6EA0}.Release|Any CPU.Build.0 = Release|Any CPU
		{6F965CE3-EDC7-4D71-9008-003BABAE688B}.Debug|Any CPU.ActiveCfg = Debug|Any CPU
		{6F965CE3-EDC7-4D71-9008-003BABAE688B}.Debug|Any CPU.Build.0 = Debug|Any CPU
		{6F965CE3-EDC7-4D71-9008-003BABAE688B}.Release|Any CPU.ActiveCfg = Release|Any CPU
		{6F965CE3-EDC7-4D71-9008-003BABAE688B}.Release|Any CPU.Build.0 = Release|Any CPU
		{ECD4AB98-2D74-471D-A71C-1914584B04D3}.Debug|Any CPU.ActiveCfg = Debug|Any CPU
		{ECD4AB98-2D74-471D-A71C-1914584B04D3}.Debug|Any CPU.Build.0 = Debug|Any CPU
		{ECD4AB98-2D74-471D-A71C-1914584B04D3}.Release|Any CPU.ActiveCfg = Release|Any CPU
		{ECD4AB98-2D74-471D-A71C-1914584B04D3}.Release|Any CPU.Build.0 = Release|Any CPU
		{F1D309FF-43C2-4D81-A8AF-2CAEF5EC40BC}.Debug|Any CPU.ActiveCfg = Debug|Any CPU
		{F1D309FF-43C2-4D81-A8AF-2CAEF5EC40BC}.Debug|Any CPU.Build.0 = Debug|Any CPU
		{F1D309FF-43C2-4D81-A8AF-2CAEF5EC40BC}.Release|Any CPU.ActiveCfg = Release|Any CPU
		{F1D309FF-43C2-4D81-A8AF-2CAEF5EC40BC}.Release|Any CPU.Build.0 = Release|Any CPU
		{590DBA0B-2652-49F5-BA22-E5AE325C9512}.Debug|Any CPU.ActiveCfg = Debug|Any CPU
		{590DBA0B-2652-49F5-BA22-E5AE325C9512}.Debug|Any CPU.Build.0 = Debug|Any CPU
		{590DBA0B-2652-49F5-BA22-E5AE325C9512}.Release|Any CPU.ActiveCfg = Release|Any CPU
		{590DBA0B-2652-49F5-BA22-E5AE325C9512}.Release|Any CPU.Build.0 = Release|Any CPU
		{64CA1823-28B9-4E4B-A21A-A079063D5F7D}.Debug|Any CPU.ActiveCfg = Debug|Any CPU
		{64CA1823-28B9-4E4B-A21A-A079063D5F7D}.Debug|Any CPU.Build.0 = Debug|Any CPU
		{64CA1823-28B9-4E4B-A21A-A079063D5F7D}.Release|Any CPU.ActiveCfg = Release|Any CPU
		{64CA1823-28B9-4E4B-A21A-A079063D5F7D}.Release|Any CPU.Build.0 = Release|Any CPU
		{034B6746-F812-4D11-B053-C6989BCF4299}.Debug|Any CPU.ActiveCfg = Debug|Any CPU
		{034B6746-F812-4D11-B053-C6989BCF4299}.Debug|Any CPU.Build.0 = Debug|Any CPU
		{034B6746-F812-4D11-B053-C6989BCF4299}.Release|Any CPU.ActiveCfg = Release|Any CPU
		{034B6746-F812-4D11-B053-C6989BCF4299}.Release|Any CPU.Build.0 = Release|Any CPU
	EndGlobalSection
	GlobalSection(SolutionProperties) = preSolution
		HideSolutionNode = FALSE
	EndGlobalSection
	GlobalSection(ExtensibilityGlobals) = postSolution
		SolutionGuid = {B9E0E58F-CEA1-4B5C-885A-7BB3D2ACBEF1}
	EndGlobalSection
EndGlobal
