
Microsoft Visual Studio Solution File, Format Version 12.00
# Visual Studio 15
VisualStudioVersion = 15.0.27703.2000
MinimumVisualStudioVersion = 10.0.40219.1
Project("{FAE04EC0-301F-11D3-BF4B-00C04F79EFBC}") = "Problem01", "Problem01\Problem01.csproj", "{C273CAFF-4ED1-4F0D-BFF9-C290C3C6E076}"
EndProject
Project("{FAE04EC0-301F-11D3-BF4B-00C04F79EFBC}") = "Problem02", "Problem02\Problem02.csproj", "{D7BAE404-8488-4A36-9C2F-4980BD7EFE7A}"
EndProject
Project("{FAE04EC0-301F-11D3-BF4B-00C04F79EFBC}") = "Problem03", "Problem03\Problem03.csproj", "{67436468-DDBF-45F1-ACC4-5B3F95636015}"
EndProject
Project("{FAE04EC0-301F-11D3-BF4B-00C04F79EFBC}") = "Problem04", "Problem04\Problem04.csproj", "{EB5CCF92-5C06-4360-84F3-848A58F453CF}"
EndProject
Project("{FAE04EC0-301F-11D3-BF4B-00C04F79EFBC}") = "Problem05", "Problem05\Problem05.csproj", "{260D7742-5588-4DDB-9561-A0A301F9392C}"
EndProject
Project("{FAE04EC0-301F-11D3-BF4B-00C04F79EFBC}") = "Problem06", "Problem06\Problem06.csproj", "{23382C4F-4EDC-470F-A0A4-1D93113D2F5B}"
EndProject
Project("{FAE04EC0-301F-11D3-BF4B-00C04F79EFBC}") = "Problem07", "Problem07\Problem07.csproj", "{322E377D-BF99-41D4-989E-41CEE248DD38}"
EndProject
Project("{FAE04EC0-301F-11D3-BF4B-00C04F79EFBC}") = "Problem08", "Problem08\Problem08.csproj", "{506D7A95-4329-493D-9D6B-48E51C76F777}"
EndProject
Project("{FAE04EC0-301F-11D3-BF4B-00C04F79EFBC}") = "Problem09", "Problem09\Problem09.csproj", "{6A2104FB-C780-4CEA-8A6D-B578C8FD840F}"
EndProject
Project("{FAE04EC0-301F-11D3-BF4B-00C04F79EFBC}") = "Problem10", "Problem10\Problem10.csproj", "{92219872-1E35-4121-A7AF-7D9C6ACDCC48}"
EndProject
Project("{FAE04EC0-301F-11D3-BF4B-00C04F79EFBC}") = "Problem11", "Problem11\Problem11.csproj", "{316F6AE9-832B-440C-93F2-6C56F3A9FD9B}"
EndProject
Project("{FAE04EC0-301F-11D3-BF4B-00C04F79EFBC}") = "Problem12", "Problem12\Problem12.csproj", "{69BF45B6-2EE5-4578-B22F-E2C4A8DD6FD6}"
EndProject
Project("{FAE04EC0-301F-11D3-BF4B-00C04F79EFBC}") = "Problem13", "Problem13\Problem13.csproj", "{D8B8B557-011A-403C-804F-E491952B2577}"
EndProject
Project("{FAE04EC0-301F-11D3-BF4B-00C04F79EFBC}") = "Problem14", "Problem14\Problem14.csproj", "{70AE2C15-54A6-4628-BF07-01ADF234C3A6}"
EndProject
Project("{FAE04EC0-301F-11D3-BF4B-00C04F79EFBC}") = "Problem15", "Problem15\Problem15.csproj", "{EF6793C2-0C6E-407D-8EDB-409C8D1860CB}"
EndProject
Project("{FAE04EC0-301F-11D3-BF4B-00C04F79EFBC}") = "Problem16", "Problem16\Problem16.csproj", "{1E8C0575-B25A-4FB2-9BD9-024BE826DB70}"
EndProject
Project("{FAE04EC0-301F-11D3-BF4B-00C04F79EFBC}") = "Problem17", "Problem17\Problem17.csproj", "{D6600074-5D20-40C0-A31B-F59DEE483370}"
EndProject
Project("{FAE04EC0-301F-11D3-BF4B-00C04F79EFBC}") = "Problem18", "Problem18\Problem18.csproj", "{CCF8D244-8A61-427C-BCAD-9A57BCDB6829}"
EndProject
Global
	GlobalSection(SolutionConfigurationPlatforms) = preSolution
		Debug|Any CPU = Debug|Any CPU
		Release|Any CPU = Release|Any CPU
	EndGlobalSection
	GlobalSection(ProjectConfigurationPlatforms) = postSolution
		{C273CAFF-4ED1-4F0D-BFF9-C290C3C6E076}.Debug|Any CPU.ActiveCfg = Debug|Any CPU
		{C273CAFF-4ED1-4F0D-BFF9-C290C3C6E076}.Debug|Any CPU.Build.0 = Debug|Any CPU
		{C273CAFF-4ED1-4F0D-BFF9-C290C3C6E076}.Release|Any CPU.ActiveCfg = Release|Any CPU
		{C273CAFF-4ED1-4F0D-BFF9-C290C3C6E076}.Release|Any CPU.Build.0 = Release|Any CPU
		{D7BAE404-8488-4A36-9C2F-4980BD7EFE7A}.Debug|Any CPU.ActiveCfg = Debug|Any CPU
		{D7BAE404-8488-4A36-9C2F-4980BD7EFE7A}.Debug|Any CPU.Build.0 = Debug|Any CPU
		{D7BAE404-8488-4A36-9C2F-4980BD7EFE7A}.Release|Any CPU.ActiveCfg = Release|Any CPU
		{D7BAE404-8488-4A36-9C2F-4980BD7EFE7A}.Release|Any CPU.Build.0 = Release|Any CPU
		{67436468-DDBF-45F1-ACC4-5B3F95636015}.Debug|Any CPU.ActiveCfg = Debug|Any CPU
		{67436468-DDBF-45F1-ACC4-5B3F95636015}.Debug|Any CPU.Build.0 = Debug|Any CPU
		{67436468-DDBF-45F1-ACC4-5B3F95636015}.Release|Any CPU.ActiveCfg = Release|Any CPU
		{67436468-DDBF-45F1-ACC4-5B3F95636015}.Release|Any CPU.Build.0 = Release|Any CPU
		{EB5CCF92-5C06-4360-84F3-848A58F453CF}.Debug|Any CPU.ActiveCfg = Debug|Any CPU
		{EB5CCF92-5C06-4360-84F3-848A58F453CF}.Debug|Any CPU.Build.0 = Debug|Any CPU
		{EB5CCF92-5C06-4360-84F3-848A58F453CF}.Release|Any CPU.ActiveCfg = Release|Any CPU
		{EB5CCF92-5C06-4360-84F3-848A58F453CF}.Release|Any CPU.Build.0 = Release|Any CPU
		{260D7742-5588-4DDB-9561-A0A301F9392C}.Debug|Any CPU.ActiveCfg = Debug|Any CPU
		{260D7742-5588-4DDB-9561-A0A301F9392C}.Debug|Any CPU.Build.0 = Debug|Any CPU
		{260D7742-5588-4DDB-9561-A0A301F9392C}.Release|Any CPU.ActiveCfg = Release|Any CPU
		{260D7742-5588-4DDB-9561-A0A301F9392C}.Release|Any CPU.Build.0 = Release|Any CPU
		{23382C4F-4EDC-470F-A0A4-1D93113D2F5B}.Debug|Any CPU.ActiveCfg = Debug|Any CPU
		{23382C4F-4EDC-470F-A0A4-1D93113D2F5B}.Debug|Any CPU.Build.0 = Debug|Any CPU
		{23382C4F-4EDC-470F-A0A4-1D93113D2F5B}.Release|Any CPU.ActiveCfg = Release|Any CPU
		{23382C4F-4EDC-470F-A0A4-1D93113D2F5B}.Release|Any CPU.Build.0 = Release|Any CPU
		{322E377D-BF99-41D4-989E-41CEE248DD38}.Debug|Any CPU.ActiveCfg = Debug|Any CPU
		{322E377D-BF99-41D4-989E-41CEE248DD38}.Debug|Any CPU.Build.0 = Debug|Any CPU
		{322E377D-BF99-41D4-989E-41CEE248DD38}.Release|Any CPU.ActiveCfg = Release|Any CPU
		{322E377D-BF99-41D4-989E-41CEE248DD38}.Release|Any CPU.Build.0 = Release|Any CPU
		{506D7A95-4329-493D-9D6B-48E51C76F777}.Debug|Any CPU.ActiveCfg = Debug|Any CPU
		{506D7A95-4329-493D-9D6B-48E51C76F777}.Debug|Any CPU.Build.0 = Debug|Any CPU
		{506D7A95-4329-493D-9D6B-48E51C76F777}.Release|Any CPU.ActiveCfg = Release|Any CPU
		{506D7A95-4329-493D-9D6B-48E51C76F777}.Release|Any CPU.Build.0 = Release|Any CPU
		{6A2104FB-C780-4CEA-8A6D-B578C8FD840F}.Debug|Any CPU.ActiveCfg = Debug|Any CPU
		{6A2104FB-C780-4CEA-8A6D-B578C8FD840F}.Debug|Any CPU.Build.0 = Debug|Any CPU
		{6A2104FB-C780-4CEA-8A6D-B578C8FD840F}.Release|Any CPU.ActiveCfg = Release|Any CPU
		{6A2104FB-C780-4CEA-8A6D-B578C8FD840F}.Release|Any CPU.Build.0 = Release|Any CPU
		{92219872-1E35-4121-A7AF-7D9C6ACDCC48}.Debug|Any CPU.ActiveCfg = Debug|Any CPU
		{92219872-1E35-4121-A7AF-7D9C6ACDCC48}.Debug|Any CPU.Build.0 = Debug|Any CPU
		{92219872-1E35-4121-A7AF-7D9C6ACDCC48}.Release|Any CPU.ActiveCfg = Release|Any CPU
		{92219872-1E35-4121-A7AF-7D9C6ACDCC48}.Release|Any CPU.Build.0 = Release|Any CPU
		{316F6AE9-832B-440C-93F2-6C56F3A9FD9B}.Debug|Any CPU.ActiveCfg = Debug|Any CPU
		{316F6AE9-832B-440C-93F2-6C56F3A9FD9B}.Debug|Any CPU.Build.0 = Debug|Any CPU
		{316F6AE9-832B-440C-93F2-6C56F3A9FD9B}.Release|Any CPU.ActiveCfg = Release|Any CPU
		{316F6AE9-832B-440C-93F2-6C56F3A9FD9B}.Release|Any CPU.Build.0 = Release|Any CPU
		{69BF45B6-2EE5-4578-B22F-E2C4A8DD6FD6}.Debug|Any CPU.ActiveCfg = Debug|Any CPU
		{69BF45B6-2EE5-4578-B22F-E2C4A8DD6FD6}.Debug|Any CPU.Build.0 = Debug|Any CPU
		{69BF45B6-2EE5-4578-B22F-E2C4A8DD6FD6}.Release|Any CPU.ActiveCfg = Release|Any CPU
		{69BF45B6-2EE5-4578-B22F-E2C4A8DD6FD6}.Release|Any CPU.Build.0 = Release|Any CPU
		{D8B8B557-011A-403C-804F-E491952B2577}.Debug|Any CPU.ActiveCfg = Debug|Any CPU
		{D8B8B557-011A-403C-804F-E491952B2577}.Debug|Any CPU.Build.0 = Debug|Any CPU
		{D8B8B557-011A-403C-804F-E491952B2577}.Release|Any CPU.ActiveCfg = Release|Any CPU
		{D8B8B557-011A-403C-804F-E491952B2577}.Release|Any CPU.Build.0 = Release|Any CPU
		{70AE2C15-54A6-4628-BF07-01ADF234C3A6}.Debug|Any CPU.ActiveCfg = Debug|Any CPU
		{70AE2C15-54A6-4628-BF07-01ADF234C3A6}.Debug|Any CPU.Build.0 = Debug|Any CPU
		{70AE2C15-54A6-4628-BF07-01ADF234C3A6}.Release|Any CPU.ActiveCfg = Release|Any CPU
		{70AE2C15-54A6-4628-BF07-01ADF234C3A6}.Release|Any CPU.Build.0 = Release|Any CPU
		{EF6793C2-0C6E-407D-8EDB-409C8D1860CB}.Debug|Any CPU.ActiveCfg = Debug|Any CPU
		{EF6793C2-0C6E-407D-8EDB-409C8D1860CB}.Debug|Any CPU.Build.0 = Debug|Any CPU
		{EF6793C2-0C6E-407D-8EDB-409C8D1860CB}.Release|Any CPU.ActiveCfg = Release|Any CPU
		{EF6793C2-0C6E-407D-8EDB-409C8D1860CB}.Release|Any CPU.Build.0 = Release|Any CPU
		{1E8C0575-B25A-4FB2-9BD9-024BE826DB70}.Debug|Any CPU.ActiveCfg = Debug|Any CPU
		{1E8C0575-B25A-4FB2-9BD9-024BE826DB70}.Debug|Any CPU.Build.0 = Debug|Any CPU
		{1E8C0575-B25A-4FB2-9BD9-024BE826DB70}.Release|Any CPU.ActiveCfg = Release|Any CPU
		{1E8C0575-B25A-4FB2-9BD9-024BE826DB70}.Release|Any CPU.Build.0 = Release|Any CPU
		{D6600074-5D20-40C0-A31B-F59DEE483370}.Debug|Any CPU.ActiveCfg = Debug|Any CPU
		{D6600074-5D20-40C0-A31B-F59DEE483370}.Debug|Any CPU.Build.0 = Debug|Any CPU
		{D6600074-5D20-40C0-A31B-F59DEE483370}.Release|Any CPU.ActiveCfg = Release|Any CPU
		{D6600074-5D20-40C0-A31B-F59DEE483370}.Release|Any CPU.Build.0 = Release|Any CPU
		{CCF8D244-8A61-427C-BCAD-9A57BCDB6829}.Debug|Any CPU.ActiveCfg = Debug|Any CPU
		{CCF8D244-8A61-427C-BCAD-9A57BCDB6829}.Debug|Any CPU.Build.0 = Debug|Any CPU
		{CCF8D244-8A61-427C-BCAD-9A57BCDB6829}.Release|Any CPU.ActiveCfg = Release|Any CPU
		{CCF8D244-8A61-427C-BCAD-9A57BCDB6829}.Release|Any CPU.Build.0 = Release|Any CPU
	EndGlobalSection
	GlobalSection(SolutionProperties) = preSolution
		HideSolutionNode = FALSE
	EndGlobalSection
	GlobalSection(ExtensibilityGlobals) = postSolution
		SolutionGuid = {80E9E53B-06F7-4C00-8DB9-8DC496B1E66F}
	EndGlobalSection
EndGlobal
